<?xml version="1.0" encoding="UTF-8" standalone="yes"?>
<CodeBlocks_project_file>
<FileVersion major="1" minor="6" />
<Project>
<Option title="AC791N_WIFI_IPC" />
<Option compiler="pi32v2_r3_lto_compiler" />
<Build>
<Target title="Release">
<Option output="../../../../cpu/wl82/tools/sdk.elf" prefix_auto="0" extension_auto="0" />
<Option object_output="obj/Release/" />
<Option type="1" />
<Option compiler="pi32v2_r3_lto_compiler" />
<Compiler>
<Add option="-Wuninitialized" />
<Add option="-Wno-invalid-noreturn" />
<Add option="-fno-common" />
<Add option="-integrated-as" />
<Add option="-Oz" />
<Add option="-g" />
<Add option="-flto" />
<Add option="-fallow-pointer-null" />
<Add option="-fprefer-gnu-section" />
<Add option="-Wno-shift-negative-value" />
<Add option="-Wframe-larger-than=2560" />
<Add option="-fms-extensions" />
<Add option="-DSUPPORT_MS_EXTENSIONS" />
<Add option="-w" />
<Add option="-DCONFIG_RELEASE_ENABLE" />
<Add option="-DCONFIG_CPU_WL82" />
<Add option="-DCONFIG_JLFAT_ENABLE" />
<Add option="-DCONFIG_FREE_RTOS_ENABLE" />
<Add option="-DCONFIG_THREAD_ENABLE" />
<Add option="-DCONFIG_AUDIO_ONCHIP" />
<Add option="-D__GCC_PI32V2__" />
<Add option="-DCONFIG_NEW_ECC_ENABLE" />
<Add option="-DCONFIG_EQ_SUPPORT_ASYNC" />
<Add option="-DEQ_CORE_V1" />
<Add option="-DCONFIG_VIDEO_DEC_EN" />
<Add option="-DCONFIG_VIDEO_OSD_EN" />
<Add option="-DCONFIG_SFC_ENABLE" />
<Add option="-DCONFIG_AUDIO_ENABLE" />
<Add option="-DCONFIG_VIDEO_ENABLE=1" />
<Add option="-DCONFIG_VIDEO0_ENABLE=1" />
<Add option="-DCONFIG_NET_ENABLE=1" />
<Add option="-DEVENT_HANDLER_NUM_CONFIG=2" />
<Add option="-DEVENT_TOUCH_ENABLE_CONFIG=0" />
<Add option="-DEVENT_POOL_SIZE_CONFIG=256" />
<Add option="-DCONFIG_EVENT_KEY_MAP_ENABLE=0" />
<Add option="-DTIMER_POOL_NUM_CONFIG=15" />
<Add option="-DAPP_ASYNC_POOL_NUM_CONFIG=0" />
<Add option="-DVFS_ENABLE=1" />
<Add option="-DUSE_SDFILE_NEW=1" />
<Add option="-DSDFILE_STORAGE=1" />
<Add option="-DVFS_FILE_POOL_NUM_CONFIG=8" />
<Add option="-DVM_MAX_SIZE_CONFIG=32*1024" />
<Add option="-DVM_ITEM_MAX_NUM=256" />
<Add option="-DCONFIG_TWS_ENABLE" />
<Add option="-DCONFIG_BTCTRLER_TASK_DEL_ENABLE" />
<Add option="-DCONFIG_LMP_CONN_SUSPEND_ENABLE" />
<Add option="-DCONFIG_LMP_REFRESH_ENCRYPTION_KEY_ENABLE" />
<Add option="-DCONFIG_UPDATA_ENABLE" />
<Add option="-DCONFIG_OTA_UPDATA_ENABLE" />
<Add option="-DCONFIG_ITEM_FORMAT_VM" />
<Add directory="../../../../include_lib" />
<Add directory="../../../../include_lib/driver" />
<Add directory="../../../../include_lib/driver/device" />
<Add directory="../../../../include_lib/driver/cpu/wl82" />
<Add directory="../../../../include_lib/system" />
<Add directory="../../../../include_lib/system/generic" />
<Add directory="../../../../include_lib/btctrler" />
<Add directory="../../../../include_lib/btctrler/port/wl82" />
<Add directory="../../../../include_lib/update" />
<Add directory="../../../../include_lib/btstack/third_party/common" />
<Add directory="../../../../include_lib/btstack/third_party/rcsp" />
<Add directory="../../../../include_lib/utils" />
<Add directory="../../../../include_lib/utils/syscfg" />
<Add directory="../../../../include_lib/utils/event" />
<Add directory="../../../../include_lib/media/media_develop" />
<Add directory="../../../../include_lib/media/media_develop/media" />
<Add directory="../../../../include_lib/media/media_develop/media/cpu/wl82" />
<Add directory="../../../../include_lib/media/media_develop/media/cpu/wl82/asm" />
<Add directory="../../../../apps/wifi_ipc/include" />
<Add directory="../../../../include_lib/utils/ui" />
<Add directory="../../../../include_lib/driver/device/video" />
<Add directory="../../../../apps" />
<Add directory="../../../../apps/common/include" />
<Add directory="../../../../apps/common/system" />
<Add directory="../../../../apps/common/ui/include" />
<Add directory="../../../../apps/common/config/include" />
<Add directory="../../../../apps/common/usb" />
<Add directory="../../../../apps/common/usb/device" />
<Add directory="../../../../apps/common/usb/host" />
<Add directory="../../../../apps/common/usb/include/host" />
<Add directory="../../../../apps/common/usb/include/device" />
<Add directory="../../../../apps/common/usb/include" />
<Add directory="../../../../apps/wifi_ipc" />
<Add directory="../../../../apps/wifi_ipc/board/wl82" />
<Add directory="../../../../apps/common/net" />
<Add directory="../../../../include_lib/net" />
<Add directory="../../../../include_lib/net/tutk" />
<Add directory="../../../../include_lib/net/mbedtls_2_2_1" />
<Add directory="../../../../include_lib/net/server" />
<Add directory="../../../../include_lib/server" />
<Add directory="../../../../include_lib/net/wifi_module" />
<Add directory="../../../../include_lib/net/hostapdandwpa_supplicant" />
<Add directory="../../../../include_lib/net/lwip_2_1_3/lwip/src/include" />
<Add directory="../../../../include_lib/net/lwip_2_1_3/lwip/src/include/lwip" />
<Add directory="../../../../include_lib/net/lwip_2_1_3/lwip/port" />
<Add directory="../../../../include_lib/net/lwip_2_1_3/lwip/app" />
<Add directory="../../../../include_lib/net/lwip_2_1_3/lwip/app/ctp" />
<Add directory="../../../../include_lib/net/lwip_2_1_3/lwip/app/cdp" />
<Add directory="../../../../apps/common" />
<Add directory="../../../../include_lib/driver/device/usb" />
<Add directory="../../../../include_lib/driver/device/usb/device" />
<Add directory="../../../../include_lib/driver/device/usb/host" />
<Add directory="../../../../apps/common/net/testbox/include" />
</Compiler>
<Linker>
<Add option="--plugin-opt=-pi32v2-always-use-itblock=false" />
<Add option="--plugin-opt=-enable-ipra=true" />
<Add option="--plugin-opt=-pi32v2-merge-max-offset=4096" />
<Add option="--plugin-opt=-pi32v2-enable-simd=true" />
<Add option="--plugin-opt=mcpu=r3" />
<Add option="--plugin-opt=-global-merge-on-const" />
<Add option="--plugin-opt=-inline-threshold=5" />
<Add option="--plugin-opt=-inline-max-allocated-size=32" />
<Add option="--plugin-opt=-inline-normal-into-special-section=true" />
<Add option="--plugin-opt=-dont-used-symbol-list=malloc,free,sprintf,printf,puts,putchar" />
<Add option="--plugin-opt=save-temps" />
<Add option="--plugin-opt=-pi32v2-enable-rep-memop" />
<Add option="--plugin-opt=-warn-stack-size=2560" />
<Add option="--sort-common" />
<Add option="--dont-complain-call-overflow" />
<Add option="--plugin-opt=-used-symbol-file=../../../../cpu/wl82/sdk_used_list.used" />
<Add option="--plugin-opt=-pi32v2-large-program=true" />
<Add option="--start-group" />
<Add option="../../../../cpu/wl82/liba/system.a" />
<Add option="../../../../cpu/wl82/liba/fs.a" />
<Add option="../../../../cpu/wl82/liba/cfg_tool.a" />
<Add option="../../../../cpu/wl82/liba/event.a" />
<Add option="../../../../cpu/wl82/liba/cpu.a" />
<Add option="../../../../cpu/wl82/liba/update.a" />
<Add option="../../../../cpu/wl82/liba/video_rec_server.a" />
<Add option="../../../../cpu/wl82/liba/wl_rf_common.a" />
<Add option="../../../../cpu/wl82/liba/audio_server.a" />
<Add option="../../../../cpu/wl82/liba/common_lib.a" />
<Add option="../../../../cpu/wl82/liba/libaec.a" />
<Add option="../../../../cpu/wl82/liba/libdns.a" />
<Add option="../../../../cpu/wl82/liba/media_app.a" />
<Add option="../../../../cpu/wl82/liba/wl_wifi_sta.a" />
<Add option="../../../../cpu/wl82/liba/wpasupplicant.a" />
<Add option="../../../../cpu/wl82/liba/lwip_2_1_3.a" />
<Add option="../../../../cpu/wl82/liba/stream_media_server.a" />
<Add option="../../../../cpu/wl82/liba/libmbedtls_2_2_1.a" />
<Add option="../../../../cpu/wl82/liba/iperf.a" />
<Add option="../../../../cpu/wl82/liba/hsm.a" />
<Add option="../../../../cpu/wl82/liba/http_cli.a" />
<Add option="../../../../cpu/wl82/liba/http_server.a" />
<Add option="../../../../cpu/wl82/liba/json.a" />
<Add option="../../../../cpu/wl82/liba/ftpserver.a" />
<Add option="../../../../cpu/wl82/liba/net_server.a" />
<Add option="../../../../cpu/wl82/liba/libtutk.a" />
<Add option="../../../../cpu/wl82/liba/wpasupplicant.a " />
<Add option="../../../../cpu/wl82/liba/libqrcode.a" />
<Add option="--end-group" />
<Add option="-T../../../../cpu/wl82/sdk.ld" />
<Add option="-M=../../../../cpu/wl82/tools/sdk.map" />
<Add library="C:\JL\pi32\pi32v2-lib\r3\libm.a" />
</Linker>
<ExtraCommands>
<Add before="$compiler $options $includes -D__LD__ -E -P ..\..\..\..\cpu\wl82\sdk_used_list.c -o ..\..\..\..\cpu\wl82\sdk_used_list.used" />
<Add before="$compiler $options $includes -D__LD__ -E -P ..\..\..\..\cpu\wl82\sdk_ld.c -o ..\..\..\..\cpu\wl82\sdk.ld" />
<Mode before="always" />
<Add after="..\..\..\..\cpu\wl82\tools\download.bat sdk" />
<Mode after="always" />
</ExtraCommands>
</Target>
</Build>
<Unit filename="../../../../apps/common/audio_music/audio_config.c"><Option compilerVer="CC"/></Unit>
<Unit filename="../../../../apps/common/camera/byd20a6/byd20a6.c"><Option compilerVer="CC"/></Unit>
<Unit filename="../../../../apps/common/camera/byd20a6/byd20a6.h" />
<Unit filename="../../../../apps/common/camera/byd30a2/byd30a2.c"><Option compilerVer="CC"/></Unit>
<Unit filename="../../../../apps/common/camera/byd30a2/byd30a2.h" />
<Unit filename="../../../../apps/common/camera/byd3720/byd3720.c"><Option compilerVer="CC"/></Unit>
<Unit filename="../../../../apps/common/camera/byd3720/byd3720.h" />
<Unit filename="../../../../apps/common/camera/byd3901/byd3901.c"><Option compilerVer="CC"/></Unit>
<Unit filename="../../../../apps/common/camera/byd3901/byd3901.h" />
<Unit filename="../../../../apps/common/camera/byd3a03/byd3a03.c"><Option compilerVer="CC"/></Unit>
<Unit filename="../../../../apps/common/camera/byd3a03/byd3a03.h" />
<Unit filename="../../../../apps/common/camera/gc0307_dvp/gc0307.c"><Option compilerVer="CC"/></Unit>
<Unit filename="../../../../apps/common/camera/gc0307_dvp/gc0307.h" />
<Unit filename="../../../../apps/common/camera/gc0308_dvp/gc0308.c"><Option compilerVer="CC"/></Unit>
<Unit filename="../../../../apps/common/camera/gc0308_dvp/gc0308.h" />
<Unit filename="../../../../apps/common/camera/gc0309_dvp/gc0309.c"><Option compilerVer="CC"/></Unit>
<Unit filename="../../../../apps/common/camera/gc0309_dvp/gc0309.h" />
<Unit filename="../../../../apps/common/camera/gc0310_spi/gc0310.c"><Option compilerVer="CC"/></Unit>
<Unit filename="../../../../apps/common/camera/gc0310_spi/gc0310.h" />
<Unit filename="../../../../apps/common/camera/gc0312_dvp/gc0312.c"><Option compilerVer="CC"/></Unit>
<Unit filename="../../../../apps/common/camera/gc0312_dvp/gc0312.h" />
<Unit filename="../../../../apps/common/camera/gc0328_dvp/gc0328.c"><Option compilerVer="CC"/></Unit>
<Unit filename="../../../../apps/common/camera/gc0328_dvp/gc0328.h" />
<Unit filename="../../../../apps/common/camera/gc0329_dvp/gc0329.c"><Option compilerVer="CC"/></Unit>
<Unit filename="../../../../apps/common/camera/gc0329_dvp/gc0329.h" />
<Unit filename="../../../../apps/common/camera/gc2145_dvp/gc2145.c"><Option compilerVer="CC"/></Unit>
<Unit filename="../../../../apps/common/camera/gc2145_dvp/gc2145.h" />
<Unit filename="../../../../apps/common/camera/h7375s/h7375s.c"><Option compilerVer="CC"/></Unit>
<Unit filename="../../../../apps/common/camera/h7375s/h7375s.h" />
<Unit filename="../../../../apps/common/camera/ov7670_dvp/ov7670.c"><Option compilerVer="CC"/></Unit>
<Unit filename="../../../../apps/common/camera/ov7670_dvp/ov7670.h" />
<Unit filename="../../../../apps/common/camera/pr2000k/pr2000k.c"><Option compilerVer="CC"/></Unit>
<Unit filename="../../../../apps/common/camera/xc7011_dvp/xc7011.c"><Option compilerVer="CC"/></Unit>
<Unit filename="../../../../apps/common/camera/xc7011_dvp/xc7011.h" />
<Unit filename="../../../../apps/common/config/log_config/app_config.c"><Option compilerVer="CC"/></Unit>
<Unit filename="../../../../apps/common/config/log_config/lib_driver_config.c"><Option compilerVer="CC"/></Unit>
<Unit filename="../../../../apps/common/config/log_config/lib_media_config.c"><Option compilerVer="CC"/></Unit>
<Unit filename="../../../../apps/common/config/log_config/lib_system_config.c"><Option compilerVer="CC"/></Unit>
<Unit filename="../../../../apps/common/config/log_config/lib_update_config.c"><Option compilerVer="CC"/></Unit>
<Unit filename="../../../../apps/common/config/user_cfg.c"><Option compilerVer="CC"/></Unit>
<Unit filename="../../../../apps/common/debug/debug.c"><Option compilerVer="CC"/></Unit>
<Unit filename="../../../../apps/common/debug/debug_user.c"><Option compilerVer="CC"/></Unit>
<Unit filename="../../../../apps/common/iic/iic.c"><Option compilerVer="CC"/></Unit>
<Unit filename="../../../../apps/common/iic/software_iic.c"><Option compilerVer="CC"/></Unit>
<Unit filename="../../../../apps/common/jl_math/_kiss_fft_guts.h" />
<Unit filename="../../../../apps/common/jl_math/fftvec_math_drv.h" />
<Unit filename="../../../../apps/common/jl_math/flfft_core_pi32v2.c"><Option compilerVer="CC"/></Unit>
<Unit filename="../../../../apps/common/jl_math/jl_fft.c"><Option compilerVer="CC"/></Unit>
<Unit filename="../../../../apps/common/jl_math/jl_math.c"><Option compilerVer="CC"/></Unit>
<Unit filename="../../../../apps/common/jl_math/kiss_fft.h" />
<Unit filename="../../../../apps/common/jl_math/kiss_fft_log.h" />
<Unit filename="../../../../apps/common/jl_math/nn_function_vec.c"><Option compilerVer="CC"/></Unit>
<Unit filename="../../../../apps/common/jl_math/nn_function_vec.h" />
<Unit filename="../../../../apps/common/key/adkey.c"><Option compilerVer="CC"/></Unit>
<Unit filename="../../../../apps/common/key/iokey.c"><Option compilerVer="CC"/></Unit>
<Unit filename="../../../../apps/common/key/key_driver.c"><Option compilerVer="CC"/></Unit>
<Unit filename="../../../../apps/common/net/assign_macaddr.c"><Option compilerVer="CC"/></Unit>
<Unit filename="../../../../apps/common/net/config_network.c"><Option compilerVer="CC"/></Unit>
<Unit filename="../../../../apps/common/net/config_network.h" />
<Unit filename="../../../../apps/common/net/iperf_test.c"><Option compilerVer="CC"/></Unit>
<Unit filename="../../../../apps/common/net/platform_cfg.c"><Option compilerVer="CC"/></Unit>
<Unit filename="../../../../apps/common/net/testbox/client.c"><Option compilerVer="CC"/></Unit>
<Unit filename="../../../../apps/common/net/testbox/fsm.c"><Option compilerVer="CC"/></Unit>
<Unit filename="../../../../apps/common/net/testbox/include/client.h" />
<Unit filename="../../../../apps/common/net/testbox/include/fsm.h" />
<Unit filename="../../../../apps/common/net/testbox/include/versions.h" />
<Unit filename="../../../../apps/common/net/testbox/include/wbcp.h" />
<Unit filename="../../../../apps/common/net/testbox/wbcp.c"><Option compilerVer="CC"/></Unit>
<Unit filename="../../../../apps/common/net/voiceprint_cfg.c"><Option compilerVer="CC"/></Unit>
<Unit filename="../../../../apps/common/net/voiceprint_cfg.h" />
<Unit filename="../../../../apps/common/net/wifi_conf.c"><Option compilerVer="CC"/></Unit>
<Unit filename="../../../../apps/common/system/app_power_manage.h" />
<Unit filename="../../../../apps/common/system/device_mount.c"><Option compilerVer="CC"/></Unit>
<Unit filename="../../../../apps/common/system/flash_write_protect.c"><Option compilerVer="CC"/></Unit>
<Unit filename="../../../../apps/common/system/init.c"><Option compilerVer="CC"/></Unit>
<Unit filename="../../../../apps/common/system/power_manage.c"><Option compilerVer="CC"/></Unit>
<Unit filename="../../../../apps/common/system/system_reset_reason.c"><Option compilerVer="CC"/></Unit>
<Unit filename="../../../../apps/common/system/version.c"><Option compilerVer="CC"/></Unit>
<Unit filename="../../../../apps/common/update/fs_update.c"><Option compilerVer="CC"/></Unit>
<Unit filename="../../../../apps/common/update/http_update.c"><Option compilerVer="CC"/></Unit>
<Unit filename="../../../../apps/common/update/net_update.c"><Option compilerVer="CC"/></Unit>
<Unit filename="../../../../apps/common/update/update.c"><Option compilerVer="CC"/></Unit>
<Unit filename="../../../../apps/common/usb/device/cdc.c"><Option compilerVer="CC"/></Unit>
<Unit filename="../../../../apps/common/usb/device/cdc.h" />
<Unit filename="../../../../apps/common/usb/device/cdc_defs.h" />
<Unit filename="../../../../apps/common/usb/device/descriptor.c"><Option compilerVer="CC"/></Unit>
<Unit filename="../../../../apps/common/usb/device/hid.c"><Option compilerVer="CC"/></Unit>
<Unit filename="../../../../apps/common/usb/device/msd.c"><Option compilerVer="CC"/></Unit>
<Unit filename="../../../../apps/common/usb/device/msd_upgrade.c"><Option compilerVer="CC"/></Unit>
<Unit filename="../../../../apps/common/usb/device/ram_disk_circle.c"><Option compilerVer="CC"/></Unit>
<Unit filename="../../../../apps/common/usb/device/ram_disk_update.c"><Option compilerVer="CC"/></Unit>
<Unit filename="../../../../apps/common/usb/device/slave_uvc.h" />
<Unit filename="../../../../apps/common/usb/device/task_pc.c"><Option compilerVer="CC"/></Unit>
<Unit filename="../../../../apps/common/usb/device/uac.c"><Option compilerVer="CC"/></Unit>
<Unit filename="../../../../apps/common/usb/device/uac_stream.c"><Option compilerVer="CC"/></Unit>
<Unit filename="../../../../apps/common/usb/device/usb_device.c"><Option compilerVer="CC"/></Unit>
<Unit filename="../../../../apps/common/usb/device/user_setup.c"><Option compilerVer="CC"/></Unit>
<Unit filename="../../../../apps/common/usb/device/uvc.c"><Option compilerVer="CC"/></Unit>
<Unit filename="../../../../apps/common/usb/host/adb.c"><Option compilerVer="CC"/></Unit>
<Unit filename="../../../../apps/common/usb/host/adb.h" />
<Unit filename="../../../../apps/common/usb/host/aoa.c"><Option compilerVer="CC"/></Unit>
<Unit filename="../../../../apps/common/usb/host/aoa.h" />
<Unit filename="../../../../apps/common/usb/host/audio.c"><Option compilerVer="CC"/></Unit>
<Unit filename="../../../../apps/common/usb/host/hid.c"><Option compilerVer="CC"/></Unit>
<Unit filename="../../../../apps/common/usb/host/uac_host_demo.c"><Option compilerVer="CC"/></Unit>
<Unit filename="../../../../apps/common/usb/host/usb_bulk_transfer.c"><Option compilerVer="CC"/></Unit>
<Unit filename="../../../../apps/common/usb/host/usb_bulk_transfer.h" />
<Unit filename="../../../../apps/common/usb/host/usb_ctrl_transfer.c"><Option compilerVer="CC"/></Unit>
<Unit filename="../../../../apps/common/usb/host/usb_ctrl_transfer.h" />
<Unit filename="../../../../apps/common/usb/host/usb_hid_keys.h" />
<Unit filename="../../../../apps/common/usb/host/usb_host.c"><Option compilerVer="CC"/></Unit>
<Unit filename="../../../../apps/common/usb/host/usb_storage.c"><Option compilerVer="CC"/></Unit>
<Unit filename="../../../../apps/common/usb/host/usb_storage.h" />
<Unit filename="../../../../apps/common/usb/host/usb_video.c"><Option compilerVer="CC"/></Unit>
<Unit filename="../../../../apps/common/usb/host/usbnet.c"><Option compilerVer="CC"/></Unit>
<Unit filename="../../../../apps/common/usb/host/usbnet.h" />
<Unit filename="../../../../apps/common/usb/host/uvc_host.c"><Option compilerVer="CC"/></Unit>
<Unit filename="../../../../apps/common/usb/include/host/host_uvc.h" />
<Unit filename="../../../../apps/common/usb/include/host/uvc.h" />
<Unit filename="../../../../apps/common/usb/usb_common_def.h" />
<Unit filename="../../../../apps/common/usb/usb_config.c"><Option compilerVer="CC"/></Unit>
<Unit filename="../../../../apps/common/usb/usb_config.h" />
<Unit filename="../../../../apps/common/usb/usb_epbuf_manager.c"><Option compilerVer="CC"/></Unit>
<Unit filename="../../../../apps/common/usb/usb_host_config.c"><Option compilerVer="CC"/></Unit>
<Unit filename="../../../../apps/common/usb/usb_std_class_def.h" />
<Unit filename="../../../../apps/wifi_ipc/app_database.c"><Option compilerVer="CC"/></Unit>
<Unit filename="../../../../apps/wifi_ipc/app_main.c"><Option compilerVer="CC"/></Unit>
<Unit filename="../../../../apps/wifi_ipc/board/wl82/board_7911B_develop_aerial.c"><Option compilerVer="CC"/></Unit>
<Unit filename="../../../../apps/wifi_ipc/board/wl82/board_7916A.c"><Option compilerVer="CC"/></Unit>
<Unit filename="../../../../apps/wifi_ipc/board/wl82/board_config.h" />
<Unit filename="../../../../apps/wifi_ipc/get_yuv_data.c"><Option compilerVer="CC"/></Unit>
<Unit filename="../../../../apps/wifi_ipc/include/action.h" />
<Unit filename="../../../../apps/wifi_ipc/include/app_config.h" />
<Unit filename="../../../../apps/wifi_ipc/include/app_database.h" />
<Unit filename="../../../../apps/wifi_ipc/include/board.h" />
<Unit filename="../../../../apps/wifi_ipc/include/dev_desc.h" />
<Unit filename="../../../../apps/wifi_ipc/include/get_yuv_data.h" />
<Unit filename="../../../../apps/wifi_ipc/include/net_video_rec.h" />
<Unit filename="../../../../apps/wifi_ipc/include/storage_device.h" />
<Unit filename="../../../../apps/wifi_ipc/include/stream_protocol.h" />
<Unit filename="../../../../apps/wifi_ipc/include/strm_video_rec.h" />
<Unit filename="../../../../apps/wifi_ipc/include/video_buf_config.h" />
<Unit filename="../../../../apps/wifi_ipc/include/video_rec.h" />
<Unit filename="../../../../apps/wifi_ipc/include/video_rt_tutk.h" />
<Unit filename="../../../../apps/wifi_ipc/include/video_system.h" />
<Unit filename="../../../../apps/wifi_ipc/spi_video.c"><Option compilerVer="CC"/></Unit>
<Unit filename="../../../../apps/wifi_ipc/version.z.S" />
<Unit filename="../../../../apps/wifi_ipc/video_rec.c"><Option compilerVer="CC"/></Unit>
<Unit filename="../../../../apps/wifi_ipc/wifi/ctp_cmd.c"><Option compilerVer="CC"/></Unit>
<Unit filename="../../../../apps/wifi_ipc/wifi/ftpd_vfs_reg.c"><Option compilerVer="CC"/></Unit>
<Unit filename="../../../../apps/wifi_ipc/wifi/net_video_rec.c"><Option compilerVer="CC"/></Unit>
<Unit filename="../../../../apps/wifi_ipc/wifi/network_mssdp.c"><Option compilerVer="CC"/></Unit>
<Unit filename="../../../../apps/wifi_ipc/wifi/stream/video_rt_tcp.c"><Option compilerVer="CC"/></Unit>
<Unit filename="../../../../apps/wifi_ipc/wifi/stream/video_rt_tutk.c"><Option compilerVer="CC"/></Unit>
<Unit filename="../../../../apps/wifi_ipc/wifi/stream/video_rt_udp.c"><Option compilerVer="CC"/></Unit>
<Unit filename="../../../../apps/wifi_ipc/wifi/stream/video_rt_usr.c"><Option compilerVer="CC"/></Unit>
<Unit filename="../../../../apps/wifi_ipc/wifi/stream_protocol.c"><Option compilerVer="CC"/></Unit>
<Unit filename="../../../../apps/wifi_ipc/wifi/strm_video_rec.c"><Option compilerVer="CC"/></Unit>
<Unit filename="../../../../apps/wifi_ipc/wifi/tutk_platform.c"><Option compilerVer="CC"/></Unit>
<Unit filename="../../../../apps/wifi_ipc/wifi/user_video_rec.c"><Option compilerVer="CC"/></Unit>
<Unit filename="../../../../apps/wifi_ipc/wifi/wifi_app_task.c"><Option compilerVer="CC"/></Unit>
<Unit filename="../../../../cpu/wl82/debug.c"><Option compilerVer="CC"/></Unit>
<Unit filename="../../../../cpu/wl82/iic.c"><Option compilerVer="CC"/></Unit>
<Unit filename="../../../../cpu/wl82/key/adc_api.c"><Option compilerVer="CC"/></Unit>
<Unit filename="../../../../cpu/wl82/port_waked_up.c"><Option compilerVer="CC"/></Unit>
<Unit filename="../../../../cpu/wl82/setup.c"><Option compilerVer="CC"/></Unit>
<Unit filename="../../../../include_lib/btctrler/ble/hci_ll.h" />
<Unit filename="../../../../include_lib/btctrler/btcontroller_mode.h" />
<Unit filename="../../../../include_lib/btctrler/btcontroller_modules.h" />
<Unit filename="../../../../include_lib/btctrler/classic/hci_lmp.h" />
<Unit filename="../../../../include_lib/btctrler/hci_transport.h" />
<Unit filename="../../../../include_lib/btstack/avctp_user.h" />
<Unit filename="../../../../include_lib/btstack/btstack_typedef.h" />
<Unit filename="../../../../include_lib/driver/cpu/wl82/asm/WL82.h" />
<Unit filename="../../../../include_lib/driver/cpu/wl82/asm/adc_api.h" />
<Unit filename="../../../../include_lib/driver/cpu/wl82/asm/audio.h" />
<Unit filename="../../../../include_lib/driver/cpu/wl82/asm/bus_device.h" />
<Unit filename="../../../../include_lib/driver/cpu/wl82/asm/cache.h" />
<Unit filename="../../../../include_lib/driver/cpu/wl82/asm/clock.h" />
<Unit filename="../../../../include_lib/driver/cpu/wl82/asm/cpu.h" />
<Unit filename="../../../../include_lib/driver/cpu/wl82/asm/crc16.h" />
<Unit filename="../../../../include_lib/driver/cpu/wl82/asm/csfr.h" />
<Unit filename="../../../../include_lib/driver/cpu/wl82/asm/dac.h" />
<Unit filename="../../../../include_lib/driver/cpu/wl82/asm/debug.h" />
<Unit filename="../../../../include_lib/driver/cpu/wl82/asm/device_drive.h" />
<Unit filename="../../../../include_lib/driver/cpu/wl82/asm/dma.h" />
<Unit filename="../../../../include_lib/driver/cpu/wl82/asm/efuse.h" />
<Unit filename="../../../../include_lib/driver/cpu/wl82/asm/emi.h" />
<Unit filename="../../../../include_lib/driver/cpu/wl82/asm/gpio.h" />
<Unit filename="../../../../include_lib/driver/cpu/wl82/asm/hwi.h" />
<Unit filename="../../../../include_lib/driver/cpu/wl82/asm/iic.h" />
<Unit filename="../../../../include_lib/driver/cpu/wl82/asm/iis.h" />
<Unit filename="../../../../include_lib/driver/cpu/wl82/asm/image_enc.h" />
<Unit filename="../../../../include_lib/driver/cpu/wl82/asm/imb_driver.h" />
<Unit filename="../../../../include_lib/driver/cpu/wl82/asm/imc.h" />
<Unit filename="../../../../include_lib/driver/cpu/wl82/asm/imd.h" />
<Unit filename="../../../../include_lib/driver/cpu/wl82/asm/imr.h" />
<Unit filename="../../../../include_lib/driver/cpu/wl82/asm/includes.h" />
<Unit filename="../../../../include_lib/driver/cpu/wl82/asm/irq.h" />
<Unit filename="../../../../include_lib/driver/cpu/wl82/asm/isc.h" />
<Unit filename="../../../../include_lib/driver/cpu/wl82/asm/isp_alg.h" />
<Unit filename="../../../../include_lib/driver/cpu/wl82/asm/isp_dev.h" />
<Unit filename="../../../../include_lib/driver/cpu/wl82/asm/jpeg_codec.h" />
<Unit filename="../../../../include_lib/driver/cpu/wl82/asm/jpeg_decoder.h" />
<Unit filename="../../../../include_lib/driver/cpu/wl82/asm/ladc.h" />
<Unit filename="../../../../include_lib/driver/cpu/wl82/asm/lock.h" />
<Unit filename="../../../../include_lib/driver/cpu/wl82/asm/osd.h" />
<Unit filename="../../../../include_lib/driver/cpu/wl82/asm/p33.h" />
<Unit filename="../../../../include_lib/driver/cpu/wl82/asm/pap.h" />
<Unit filename="../../../../include_lib/driver/cpu/wl82/asm/plnk.h" />
<Unit filename="../../../../include_lib/driver/cpu/wl82/asm/port_waked_up.h" />
<Unit filename="../../../../include_lib/driver/cpu/wl82/asm/power_interface.h" />
<Unit filename="../../../../include_lib/driver/cpu/wl82/asm/pwm.h" />
<Unit filename="../../../../include_lib/driver/cpu/wl82/asm/pwm_led.h" />
<Unit filename="../../../../include_lib/driver/cpu/wl82/asm/rdec.h" />
<Unit filename="../../../../include_lib/driver/cpu/wl82/asm/rtc.h" />
<Unit filename="../../../../include_lib/driver/cpu/wl82/asm/sdmmc.h" />
<Unit filename="../../../../include_lib/driver/cpu/wl82/asm/sfc_norflash_api.h" />
<Unit filename="../../../../include_lib/driver/cpu/wl82/asm/spdif.h" />
<Unit filename="../../../../include_lib/driver/cpu/wl82/asm/spi.h" />
<Unit filename="../../../../include_lib/driver/cpu/wl82/asm/spiflash.h" />
<Unit filename="../../../../include_lib/driver/cpu/wl82/asm/src.h" />
<Unit filename="../../../../include_lib/driver/cpu/wl82/asm/startup.h" />
<Unit filename="../../../../include_lib/driver/cpu/wl82/asm/system_reset_reason.h" />
<Unit filename="../../../../include_lib/driver/cpu/wl82/asm/uart.h" />
<Unit filename="../../../../include_lib/driver/cpu/wl82/asm/usb.h" />
<Unit filename="../../../../include_lib/driver/cpu/wl82/asm/uvc_device.h" />
<Unit filename="../../../../include_lib/driver/cpu/wl82/asm/wdt.h" />
<Unit filename="../../../../include_lib/driver/device/device.h" />
<Unit filename="../../../../include_lib/driver/device/device_drive.h" />
<Unit filename="../../../../include_lib/driver/device/gpio.h" />
<Unit filename="../../../../include_lib/driver/device/iic.h" />
<Unit filename="../../../../include_lib/driver/device/includes.h" />
<Unit filename="../../../../include_lib/driver/device/ioctl_cmds.h" />
<Unit filename="../../../../include_lib/driver/device/key/adkey.h" />
<Unit filename="../../../../include_lib/driver/device/key/ctmu_key.h" />
<Unit filename="../../../../include_lib/driver/device/key/iokey.h" />
<Unit filename="../../../../include_lib/driver/device/key/irkey.h" />
<Unit filename="../../../../include_lib/driver/device/key/key_driver.h" />
<Unit filename="../../../../include_lib/driver/device/key/rdec_key.h" />
<Unit filename="../../../../include_lib/driver/device/key/slidekey.h" />
<Unit filename="../../../../include_lib/driver/device/key/tent600_key.h" />
<Unit filename="../../../../include_lib/driver/device/key/touch_key.h" />
<Unit filename="../../../../include_lib/driver/device/sdio/sdmmc.h" />
<Unit filename="../../../../include_lib/driver/device/spiflash.h" />
<Unit filename="../../../../include_lib/driver/device/uart.h" />
<Unit filename="../../../../include_lib/driver/device/usb/ch9.h" />
<Unit filename="../../../../include_lib/driver/device/usb/device/descriptor.h" />
<Unit filename="../../../../include_lib/driver/device/usb/device/hid.h" />
<Unit filename="../../../../include_lib/driver/device/usb/device/msd.h" />
<Unit filename="../../../../include_lib/driver/device/usb/device/uac_audio.h" />
<Unit filename="../../../../include_lib/driver/device/usb/device/usb_stack.h" />
<Unit filename="../../../../include_lib/driver/device/usb/host/usb_host.h" />
<Unit filename="../../../../include_lib/driver/device/usb/otg.h" />
<Unit filename="../../../../include_lib/driver/device/usb/scsi.h" />
<Unit filename="../../../../include_lib/driver/device/usb/usb_phy.h" />
<Unit filename="../../../../include_lib/driver/device/video/camera.h" />
<Unit filename="../../../../include_lib/driver/device/video/fb.h" />
<Unit filename="../../../../include_lib/driver/device/video/video.h" />
<Unit filename="../../../../include_lib/driver/device/video/video_ioctl.h" />
<Unit filename="../../../../include_lib/driver/device/video/video_ppbuf.h" />
<Unit filename="../../../../include_lib/driver/device/video/videobuf.h" />
<Unit filename="../../../../include_lib/media/media_develop/media/application/eq_func_define.h" />
<Unit filename="../../../../include_lib/net/ftpserver/stupid-ftpd.h" />
<Unit filename="../../../../include_lib/net/http/http_cli.h" />
<Unit filename="../../../../include_lib/net/http/http_server.h" />
<Unit filename="../../../../include_lib/net/json_c/arraylist.h" />
<Unit filename="../../../../include_lib/net/json_c/json.h" />
<Unit filename="../../../../include_lib/net/json_c/json_c_version.h" />
<Unit filename="../../../../include_lib/net/json_c/json_config.h" />
<Unit filename="../../../../include_lib/net/json_c/json_debug.h" />
<Unit filename="../../../../include_lib/net/json_c/json_inttypes.h" />
<Unit filename="../../../../include_lib/net/json_c/json_object.h" />
<Unit filename="../../../../include_lib/net/json_c/json_object_iterator.h" />
<Unit filename="../../../../include_lib/net/json_c/json_pointer.h" />
<Unit filename="../../../../include_lib/net/json_c/json_tokener.h" />
<Unit filename="../../../../include_lib/net/json_c/json_util.h" />
<Unit filename="../../../../include_lib/net/json_c/linkhash.h" />
<Unit filename="../../../../include_lib/net/json_c/printbuf.h" />
<Unit filename="../../../../include_lib/net/lwip_2_1_3/lwip/app/cdp/cdp.h" />
<Unit filename="../../../../include_lib/net/lwip_2_1_3/lwip/app/ctp/ctp.h" />
<Unit filename="../../../../include_lib/net/lwip_2_1_3/lwip/app/dhcp_srv/dhcp_srv.h" />
<Unit filename="../../../../include_lib/net/lwip_2_1_3/lwip/app/mssdp/mssdp.h" />
<Unit filename="../../../../include_lib/net/lwip_2_1_3/lwip/app/sock_api/sock_api.h" />
<Unit filename="../../../../include_lib/net/lwip_2_1_3/lwip/port/arch/cc.h" />
<Unit filename="../../../../include_lib/net/lwip_2_1_3/lwip/port/arch/cpu.h" />
<Unit filename="../../../../include_lib/net/lwip_2_1_3/lwip/port/lwip.h" />
<Unit filename="../../../../include_lib/net/lwip_2_1_3/lwip/port/lwipopts.h" />
<Unit filename="../../../../include_lib/net/lwip_2_1_3/lwip/src/include/lwip/_errno.h" />
<Unit filename="../../../../include_lib/net/lwip_2_1_3/lwip/src/include/lwip/arch.h" />
<Unit filename="../../../../include_lib/net/lwip_2_1_3/lwip/src/include/lwip/debug.h" />
<Unit filename="../../../../include_lib/net/lwip_2_1_3/lwip/src/include/lwip/def.h" />
<Unit filename="../../../../include_lib/net/lwip_2_1_3/lwip/src/include/lwip/dns.h" />
<Unit filename="../../../../include_lib/net/lwip_2_1_3/lwip/src/include/lwip/err.h" />
<Unit filename="../../../../include_lib/net/lwip_2_1_3/lwip/src/include/lwip/inet.h" />
<Unit filename="../../../../include_lib/net/lwip_2_1_3/lwip/src/include/lwip/ip4_addr.h" />
<Unit filename="../../../../include_lib/net/lwip_2_1_3/lwip/src/include/lwip/ip6_addr.h" />
<Unit filename="../../../../include_lib/net/lwip_2_1_3/lwip/src/include/lwip/ip_addr.h" />
<Unit filename="../../../../include_lib/net/lwip_2_1_3/lwip/src/include/lwip/mem.h" />
<Unit filename="../../../../include_lib/net/lwip_2_1_3/lwip/src/include/lwip/memp.h" />
<Unit filename="../../../../include_lib/net/lwip_2_1_3/lwip/src/include/lwip/netdb.h" />
<Unit filename="../../../../include_lib/net/lwip_2_1_3/lwip/src/include/lwip/netif.h" />
<Unit filename="../../../../include_lib/net/lwip_2_1_3/lwip/src/include/lwip/opt.h" />
<Unit filename="../../../../include_lib/net/lwip_2_1_3/lwip/src/include/lwip/pbuf.h" />
<Unit filename="../../../../include_lib/net/lwip_2_1_3/lwip/src/include/lwip/priv/mem_priv.h" />
<Unit filename="../../../../include_lib/net/lwip_2_1_3/lwip/src/include/lwip/priv/memp_priv.h" />
<Unit filename="../../../../include_lib/net/lwip_2_1_3/lwip/src/include/lwip/priv/memp_std.h" />
<Unit filename="../../../../include_lib/net/lwip_2_1_3/lwip/src/include/lwip/prot/ethernet.h" />
<Unit filename="../../../../include_lib/net/lwip_2_1_3/lwip/src/include/lwip/prot/ieee.h" />
<Unit filename="../../../../include_lib/net/lwip_2_1_3/lwip/src/include/lwip/sockets.h" />
<Unit filename="../../../../include_lib/net/lwip_2_1_3/lwip/src/include/lwip/stats.h" />
<Unit filename="../../../../include_lib/net/server/ctp_server.h" />
<Unit filename="../../../../include_lib/net/server/net_server.h" />
<Unit filename="../../../../include_lib/net/server/rt_stream_pkg.h" />
<Unit filename="../../../../include_lib/net/server/stream_core.h" />
<Unit filename="../../../../include_lib/net/server/video_rt_tcp.h" />
<Unit filename="../../../../include_lib/net/streaming_media_server/fenice_config.h" />
<Unit filename="../../../../include_lib/net/tutk/AVAPIs.h" />
<Unit filename="../../../../include_lib/net/tutk/IOTCAPIs.h" />
<Unit filename="../../../../include_lib/net/tutk/P2PCam/AVFRAMEINFO.h" />
<Unit filename="../../../../include_lib/net/tutk/P2PCam/AVIOCTRLDEFs.h" />
<Unit filename="../../../../include_lib/net/wifi/wifi_connect.h" />
<Unit filename="../../../../include_lib/server/audio_dev.h" />
<Unit filename="../../../../include_lib/server/audio_server.h" />
<Unit filename="../../../../include_lib/server/video_engine_server.h" />
<Unit filename="../../../../include_lib/server/video_server.h" />
<Unit filename="../../../../include_lib/server/vpkg_server.h" />
<Unit filename="../../../../include_lib/system/app_core.h" />
<Unit filename="../../../../include_lib/system/app_msg.h" />
<Unit filename="../../../../include_lib/system/bank_switch.h" />
<Unit filename="../../../../include_lib/system/boot.h" />
<Unit filename="../../../../include_lib/system/database.h" />
<Unit filename="../../../../include_lib/system/debug.h" />
<Unit filename="../../../../include_lib/system/generic/ascii.h" />
<Unit filename="../../../../include_lib/system/generic/atomic.h" />
<Unit filename="../../../../include_lib/system/generic/circular_buf.h" />
<Unit filename="../../../../include_lib/system/generic/cpu.h" />
<Unit filename="../../../../include_lib/system/generic/debug_lite.h" />
<Unit filename="../../../../include_lib/system/generic/errno-base.h" />
<Unit filename="../../../../include_lib/system/generic/includes.h" />
<Unit filename="../../../../include_lib/system/generic/ioctl.h" />
<Unit filename="../../../../include_lib/system/generic/irq.h" />
<Unit filename="../../../../include_lib/system/generic/jiffies.h" />
<Unit filename="../../../../include_lib/system/generic/lbuf.h" />
<Unit filename="../../../../include_lib/system/generic/lbuf_lite.h" />
<Unit filename="../../../../include_lib/system/generic/list.h" />
<Unit filename="../../../../include_lib/system/generic/log.h" />
<Unit filename="../../../../include_lib/system/generic/printf.h" />
<Unit filename="../../../../include_lib/system/generic/rect.h" />
<Unit filename="../../../../include_lib/system/generic/typedef.h" />
<Unit filename="../../../../include_lib/system/generic/version.h" />
<Unit filename="../../../../include_lib/system/includes.h" />
<Unit filename="../../../../include_lib/system/init.h" />
<Unit filename="../../../../include_lib/system/malloc.h" />
<Unit filename="../../../../include_lib/system/os/FreeRTOS/FreeRTOS.h" />
<Unit filename="../../../../include_lib/system/os/FreeRTOS/FreeRTOSConfig.h" />
<Unit filename="../../../../include_lib/system/os/FreeRTOS/deprecated_definitions.h" />
<Unit filename="../../../../include_lib/system/os/FreeRTOS/list.h" />
<Unit filename="../../../../include_lib/system/os/FreeRTOS/mpu_wrappers.h" />
<Unit filename="../../../../include_lib/system/os/FreeRTOS/pi32v2/portmacro.h" />
<Unit filename="../../../../include_lib/system/os/FreeRTOS/portable.h" />
<Unit filename="../../../../include_lib/system/os/FreeRTOS/projdefs.h" />
<Unit filename="../../../../include_lib/system/os/FreeRTOS/queue.h" />
<Unit filename="../../../../include_lib/system/os/FreeRTOS/semphr.h" />
<Unit filename="../../../../include_lib/system/os/FreeRTOS/task.h" />
<Unit filename="../../../../include_lib/system/os/os_api.h" />
<Unit filename="../../../../include_lib/system/os/os_cpu.h" />
<Unit filename="../../../../include_lib/system/os/os_error.h" />
<Unit filename="../../../../include_lib/system/os/os_type.h" />
<Unit filename="../../../../include_lib/system/server/server_core.h" />
<Unit filename="../../../../include_lib/system/spinlock.h" />
<Unit filename="../../../../include_lib/system/sys_common.h" />
<Unit filename="../../../../include_lib/system/sys_time.h" />
<Unit filename="../../../../include_lib/system/task.h" />
<Unit filename="../../../../include_lib/system/timer.h" />
<Unit filename="../../../../include_lib/system/wait.h" />
<Unit filename="../../../../include_lib/update/dual_bank_updata_api.h" />
<Unit filename="../../../../include_lib/update/net_update.h" />
<Unit filename="../../../../include_lib/update/uart_update.h" />
<Unit filename="../../../../include_lib/update/update.h" />
<Unit filename="../../../../include_lib/update/update_loader_download.h" />
<Unit filename="../../../../include_lib/utils/crypto_toolbox/endian.h" />
<Unit filename="../../../../include_lib/utils/event/device_event.h" />
<Unit filename="../../../../include_lib/utils/event/event.h" />
<Unit filename="../../../../include_lib/utils/event/key_event.h" />
<Unit filename="../../../../include_lib/utils/event/net_event.h" />
<Unit filename="../../../../include_lib/utils/fs/fs.h" />
<Unit filename="../../../../include_lib/utils/fs/fs_file_name.h" />
<Unit filename="../../../../include_lib/utils/fs/sdfile.h" />
<Unit filename="../../../../include_lib/utils/syscfg/syscfg_id.h" />
<Unit filename="../../../../include_lib/utils/yuv_soft_scalling.h" />
</Project>
</CodeBlocks_project_file>
