<?xml version="1.0" encoding="UTF-8" standalone="yes" ?>
<CodeBlocks_project_file>
	<FileVersion major="1" minor="6" />
	<Project>
		<Option title="mqtt" />
		<Option pch_mode="2" />
		<Option compiler="pi32" />
		<Build>
			<Target title="Release">
				<Option output="../../../../cpu/wl80/liba/lib_mqtt.a" prefix_auto="0" extension_auto="0" />
				<Option working_dir="" />
				<Option object_output="obj/Release/" />
				<Option type="2" />
				<Option compiler="pi32v2_r3_lto_compiler" />
				<Compiler>
					<Add option="-flto" />
					<Add option="-Oz" />
					<Add option="-ffunction-sections" />
					<Add option="-Wno-unused-value" />
					<Add option="-D_POSIX_SOURCE" />
					<Add option="-D_SYS_SELECT_H" />
					<Add option="-DCONFIG_FREE_RTOS_ENABLE" />
					<Add option="-DUSE_RTOS" />
					<Add option="-DVFS_ENABLE=1" />
					<Add directory="../../../../include_lib" />
					<Add directory="../../../../include_lib/utils" />
					<Add directory="../../../../include_lib/system" />
					<Add directory="../../../../include_lib/system/generic" />
					<Add directory="../../../../include_lib/driver/cpu/wl80" />
					<Add directory="../../../../include_lib/net" />
					<Add directory="../../../../include_lib/net/mbedtls_2_2_1/" />
					<Add directory="../../../../include_lib/net/lwip_2_1_2/lwip/app" />
					<Add directory="../../../../include_lib/net/lwip_2_1_2/lwip/src/include" />
					<Add directory="../../../../include_lib/net/lwip_2_1_2/lwip/port" />
					<Add directory="../../../../include_lib/net/mqtt" />
					<Add directory="../../../../include_lib/system/os/FreeRTOS/pi32_lto" />
				</Compiler>
				<Linker>
					<Add option="-flto" />
				</Linker>
			</Target>
		</Build>
		<Compiler>
			<Add directory="./" />
		</Compiler>
		<Unit filename="../../../../include_lib/net/mqtt/MQTTClient.h" />
		<Unit filename="../../../../include_lib/net/mqtt/MQTTConnect.h" />
		<Unit filename="../../../../include_lib/net/mqtt/MQTTFormat.h" />
		<Unit filename="../../../../include_lib/net/mqtt/MQTTLinux.h" />
		<Unit filename="../../../../include_lib/net/mqtt/MQTTPacket.h" />
		<Unit filename="../../../../include_lib/net/mqtt/MQTTPublish.h" />
		<Unit filename="../../../../include_lib/net/mqtt/MQTTSubscribe.h" />
		<Unit filename="../../../../include_lib/net/mqtt/MQTTUnsubscribe.h" />
		<Unit filename="../../../../include_lib/net/mqtt/StackTrace.h" />
		<Unit filename="../../../../include_lib/net/mqtt/transport.h" />
		<Unit filename="../src/MQTTClient-C/src/MQTTClient.c">
			<Option compilerVar="CC" />
		</Unit>
		<Unit filename="../src/MQTTClient-C/src/linux/MQTTLinux.c">
			<Option compilerVar="CC" />
		</Unit>
		<Unit filename="../src/MQTTPacket/samples/null.c">
			<Option compilerVar="CC" />
		</Unit>
		<Unit filename="../src/MQTTPacket/samples/pub0sub1.c">
			<Option compilerVar="CC" />
		</Unit>
		<Unit filename="../src/MQTTPacket/samples/pub0sub1_nb.c">
			<Option compilerVar="CC" />
		</Unit>
		<Unit filename="../src/MQTTPacket/samples/qos0pub.c">
			<Option compilerVar="CC" />
		</Unit>
		<Unit filename="../src/MQTTPacket/samples/transport.c">
			<Option compilerVar="CC" />
		</Unit>
		<Unit filename="../src/MQTTPacket/src/MQTTConnectClient.c">
			<Option compilerVar="CC" />
		</Unit>
		<Unit filename="../src/MQTTPacket/src/MQTTConnectServer.c">
			<Option compilerVar="CC" />
		</Unit>
		<Unit filename="../src/MQTTPacket/src/MQTTDeserializePublish.c">
			<Option compilerVar="CC" />
		</Unit>
		<Unit filename="../src/MQTTPacket/src/MQTTFormat.c">
			<Option compilerVar="CC" />
		</Unit>
		<Unit filename="../src/MQTTPacket/src/MQTTPacket.c">
			<Option compilerVar="CC" />
		</Unit>
		<Unit filename="../src/MQTTPacket/src/MQTTSerializePublish.c">
			<Option compilerVar="CC" />
		</Unit>
		<Unit filename="../src/MQTTPacket/src/MQTTSubscribeClient.c">
			<Option compilerVar="CC" />
		</Unit>
		<Unit filename="../src/MQTTPacket/src/MQTTSubscribeServer.c">
			<Option compilerVar="CC" />
		</Unit>
		<Unit filename="../src/MQTTPacket/src/MQTTUnsubscribeClient.c">
			<Option compilerVar="CC" />
		</Unit>
		<Unit filename="../src/MQTTPacket/src/MQTTUnsubscribeServer.c">
			<Option compilerVar="CC" />
		</Unit>
		<Extensions>
			<debugger>
				<remote_debugging>
					<options conn_type="0" serial_baud="115200" ip_address="127.0.0.1" ip_port="9999" />
				</remote_debugging>
			</debugger>
			<code_completion />
			<envvars />
		</Extensions>
	</Project>
</CodeBlocks_project_file>
